{
  "name": "testgame",
  "version": "1.0.0",
  "lockfileVersion": 1,
  "requires": true,
  "dependencies": {
    "module_gm": {
      "version": "4.1.2",
      "resolved": "http://verdaccio.metaapp.cn/module_gm/-/module_gm-4.1.2.tgz",
      "integrity": "sha512-g9XIzdjE0QdurD7hmDP/rzehGgHDZ5pXMFKebqmtW9zUSGMG2J2CUtFe7JaQYq1TIMmUsetJja2lnj8jiWZCEQ=="
    },
    "odin": {
      "version": "4.0.6",
      "resolved": "http://verdaccio.metaapp.cn/odin/-/odin-4.0.6.tgz",
      "integrity": "sha512-0+jeGa5EmJwgFPNePfFITq2Ztpt8M9HwyV3m3Q/TzO+eALI10wNchS6pfHdkyl7SFADpAPZx8M0mfCYpkZRkXg=="
    }
  }
}
